<?xml version="1.0" encoding="UTF-8" standalone="yes" ?>
<CodeBlocks_project_file>
	<FileVersion major="1" minor="6" />
	<Project>
		<Option title="Mir-CPP" />
		<Option pch_mode="2" />
		<Option compiler="gcc" />
		<Build>
			<Target title="Debug">
				<Option output="bin/Debug/Mir-CPP" prefix_auto="1" extension_auto="1" />
				<Option object_output="obj/Debug/" />
				<Option type="1" />
				<Option compiler="gcc" />
				<Compiler>
					<Add option="-std=c++14" />
					<Add option="-g" />
					<Add directory="include" />
				</Compiler>
			</Target>
			<Target title="Release">
				<Option output="bin/Release/Mir-CPP" prefix_auto="1" extension_auto="1" />
				<Option object_output="obj/Release/" />
				<Option type="1" />
				<Option compiler="gcc" />
				<Compiler>
					<Add option="-O2" />
					<Add option="-std=c++11" />
					<Add directory="include" />
				</Compiler>
				<Linker>
					<Add option="-s" />
				</Linker>
			</Target>
		</Build>
		<Compiler>
			<Add option="-Wall" />
			<Add option="-fexceptions" />
		</Compiler>
		<Unit filename="include/MyString.h" />
		<Unit filename="include/car.h" />
		<Unit filename="include/casting.h" />
		<Unit filename="include/fish.h" />
		<Unit filename="include/libdate.h" />
		<Unit filename="include/macro_func.h" />
		<Unit filename="include/metaprograms.h" />
		<Unit filename="include/myvector.h" />
		<Unit filename="include/platypus.h" />
		<Unit filename="include/template_expample.h" />
		<Unit filename="main.cpp" />
		<Unit filename="src/MyString.cpp" />
		<Unit filename="src/car.cpp" />
		<Unit filename="src/casting.cpp" />
		<Unit filename="src/date.cpp" />
		<Unit filename="src/fish.cpp" />
		<Unit filename="src/macro_func.cpp" />
		<Unit filename="src/metaprograms.cpp" />
		<Unit filename="src/myvector.cpp" />
		<Unit filename="src/platypus.cpp" />
		<Unit filename="src/template_expample.cpp" />
		<Extensions>
			<code_completion />
			<envvars />
			<debugger />
		</Extensions>
	</Project>
</CodeBlocks_project_file>
